data.aws_ami.xe_latest: Reading...
data.aws_ami.xe_latest: Read complete after 0s [id=ami-00a63f9e5e0c62c43]

Terraform used the selected providers to generate the following execution plan. Resource actions are indicated with the following
symbols:
  + create

Terraform will perform the following actions:

  # aws_instance.xe_ec2 will be created
  + resource "aws_instance" "xe_ec2" {
      + ami                                  = "ami-00a63f9e5e0c62c43"
      + arn                                  = (known after apply)
      + associate_public_ip_address          = (known after apply)
      + availability_zone                    = (known after apply)
      + cpu_core_count                       = (known after apply)
      + cpu_threads_per_core                 = (known after apply)
      + disable_api_stop                     = (known after apply)
      + disable_api_termination              = (known after apply)
      + ebs_optimized                        = (known after apply)
      + get_password_data                    = false
      + host_id                              = (known after apply)
      + host_resource_group_arn              = (known after apply)
      + iam_instance_profile                 = (known after apply)
      + id                                   = (known after apply)
      + instance_initiated_shutdown_behavior = (known after apply)
      + instance_lifecycle                   = (known after apply)
      + instance_state                       = (known after apply)
      + instance_type                        = "c5.large"
      + ipv6_address_count                   = (known after apply)
      + ipv6_addresses                       = (known after apply)
      + key_name                             = "EC2-key-pair"
      + monitoring                           = (known after apply)
      + outpost_arn                          = (known after apply)
      + password_data                        = (known after apply)
      + placement_group                      = (known after apply)
      + placement_partition_number           = (known after apply)
      + primary_network_interface_id         = (known after apply)
      + private_dns                          = (known after apply)
      + private_ip                           = (known after apply)
      + public_dns                           = (known after apply)
      + public_ip                            = (known after apply)
      + secondary_private_ips                = (known after apply)
      + security_groups                      = (known after apply)
      + source_dest_check                    = true
      + spot_instance_request_id             = (known after apply)
      + subnet_id                            = (known after apply)
      + tags                                 = {
          + "Name" = "C8K"
        }
      + tags_all                             = {
          + "Name" = "C8K"
        }
      + tenancy                              = (known after apply)
      + user_data                            = "26e5359bbfe8ca4a64fb8062c87fca0551ae1b77"
      + user_data_base64                     = (known after apply)
      + user_data_replace_on_change          = false
      + vpc_security_group_ids               = (known after apply)

      + root_block_device {
          + delete_on_termination = true
          + device_name           = (known after apply)
          + encrypted             = (known after apply)
          + iops                  = (known after apply)
          + kms_key_id            = (known after apply)
          + throughput            = (known after apply)
          + volume_id             = (known after apply)
          + volume_size           = (known after apply)
          + volume_type           = (known after apply)
        }
    }

  # iosxe_logging.logging will be created
  + resource "iosxe_logging" "logging" {
      + id               = (known after apply)
      + ipv4_hosts       = [
          + {
              + ipv4_host = "203.0.113.1"
            },
          + {
              + ipv4_host = "203.0.113.2"
            },
        ]
      + source_interface = "GigabitEthernet1"
      + trap_severity    = "informational"
    }

  # iosxe_restconf.logging will be created
  + resource "iosxe_restconf" "logging" {
      + attributes = {
          + "immediate" = ""
        }
      + delete     = true
      + id         = (known after apply)
      + path       = "Cisco-IOS-XE-native:native/logging/persistent"
    }

  # iosxe_save_config.save will be created
  + resource "iosxe_save_config" "save" {
      + save = true
    }

  # null_resource.wait_for_https will be created
  + resource "null_resource" "wait_for_https" {
      + id = (known after apply)
    }

Plan: 5 to add, 0 to change, 0 to destroy.

Changes to Outputs:
  + xe_latest_id = "ami-00a63f9e5e0c62c43"
  + xe_public_ip = (known after apply)
╷
│ Warning: Unable to create client
│ 
│   with provider["registry.terraform.io/ciscodevnet/iosxe"],
│   on config_xe.tf line 13, in provider "iosxe":
│   13: provider "iosxe" {
│ 
│ Cannot use unknown value as url
╵
